
Microsoft Visual Studio Solution File, Format Version 12.00
# Visual Studio Version 16
VisualStudioVersion = 16.0.31613.86
MinimumVisualStudioVersion = 10.0.40219.1
Project("{9A19103F-16F7-4668-BE54-9A1E7A4F7556}") = "OpenTelemetryInstrumentation", "OpenTelemetryInstrumentation\OpenTelemetryInstrumentation.csproj", "{1F1F6801-7EE3-48C1-88F0-EB8785FB9BF7}"
EndProject
Project("{9A19103F-16F7-4668-BE54-9A1E7A4F7556}") = "StartupHook", "StartupHook\StartupHook.csproj", "{77DA2D25-2AD8-48FD-BABD-705B885FCA79}"
EndProject
Project("{9A19103F-16F7-4668-BE54-9A1E7A4F7556}") = "DemoConsoleApp", "DemoConsoleApp\DemoConsoleApp.csproj", "{80E4E25F-7289-42F9-AF9A-7F3F8589768F}"
EndProject
Project("{9A19103F-16F7-4668-BE54-9A1E7A4F7556}") = "DemoConsoleAppDeps", "DemoConsoleAppDeps\DemoConsoleAppDeps.csproj", "{0A6F62C2-A027-4324-A6F7-5B139CFA33B2}"
EndProject
Project("{FAE04EC0-301F-11D3-BF4B-00C04F79EFBC}") = "DemoAspNetCore", "DemoAspNetCore\DemoAspNetCore.csproj", "{961F12A0-193F-4C03-A8B7-A30F0277B71D}"
EndProject
Project("{FAE04EC0-301F-11D3-BF4B-00C04F79EFBC}") = "DemoAspNetCoreManualInstrumentation", "DemoAspNetCoreManualInstrumentation\DemoAspNetCoreManualInstrumentation.csproj", "{D7242F4A-86F0-4A86-B27B-DDE247FDC242}"
EndProject
Global
	GlobalSection(SolutionConfigurationPlatforms) = preSolution
		Debug|Any CPU = Debug|Any CPU
		Release|Any CPU = Release|Any CPU
	EndGlobalSection
	GlobalSection(ProjectConfigurationPlatforms) = postSolution
		{1F1F6801-7EE3-48C1-88F0-EB8785FB9BF7}.Debug|Any CPU.ActiveCfg = Debug|Any CPU
		{1F1F6801-7EE3-48C1-88F0-EB8785FB9BF7}.Debug|Any CPU.Build.0 = Debug|Any CPU
		{1F1F6801-7EE3-48C1-88F0-EB8785FB9BF7}.Release|Any CPU.ActiveCfg = Release|Any CPU
		{1F1F6801-7EE3-48C1-88F0-EB8785FB9BF7}.Release|Any CPU.Build.0 = Release|Any CPU
		{77DA2D25-2AD8-48FD-BABD-705B885FCA79}.Debug|Any CPU.ActiveCfg = Debug|Any CPU
		{77DA2D25-2AD8-48FD-BABD-705B885FCA79}.Debug|Any CPU.Build.0 = Debug|Any CPU
		{77DA2D25-2AD8-48FD-BABD-705B885FCA79}.Release|Any CPU.ActiveCfg = Release|Any CPU
		{77DA2D25-2AD8-48FD-BABD-705B885FCA79}.Release|Any CPU.Build.0 = Release|Any CPU
		{80E4E25F-7289-42F9-AF9A-7F3F8589768F}.Debug|Any CPU.ActiveCfg = Debug|Any CPU
		{80E4E25F-7289-42F9-AF9A-7F3F8589768F}.Debug|Any CPU.Build.0 = Debug|Any CPU
		{80E4E25F-7289-42F9-AF9A-7F3F8589768F}.Release|Any CPU.ActiveCfg = Release|Any CPU
		{80E4E25F-7289-42F9-AF9A-7F3F8589768F}.Release|Any CPU.Build.0 = Release|Any CPU
		{0A6F62C2-A027-4324-A6F7-5B139CFA33B2}.Debug|Any CPU.ActiveCfg = Debug|Any CPU
		{0A6F62C2-A027-4324-A6F7-5B139CFA33B2}.Debug|Any CPU.Build.0 = Debug|Any CPU
		{0A6F62C2-A027-4324-A6F7-5B139CFA33B2}.Release|Any CPU.ActiveCfg = Release|Any CPU
		{0A6F62C2-A027-4324-A6F7-5B139CFA33B2}.Release|Any CPU.Build.0 = Release|Any CPU
		{961F12A0-193F-4C03-A8B7-A30F0277B71D}.Debug|Any CPU.ActiveCfg = Debug|Any CPU
		{961F12A0-193F-4C03-A8B7-A30F0277B71D}.Debug|Any CPU.Build.0 = Debug|Any CPU
		{961F12A0-193F-4C03-A8B7-A30F0277B71D}.Release|Any CPU.ActiveCfg = Release|Any CPU
		{961F12A0-193F-4C03-A8B7-A30F0277B71D}.Release|Any CPU.Build.0 = Release|Any CPU
		{D7242F4A-86F0-4A86-B27B-DDE247FDC242}.Debug|Any CPU.ActiveCfg = Debug|Any CPU
		{D7242F4A-86F0-4A86-B27B-DDE247FDC242}.Debug|Any CPU.Build.0 = Debug|Any CPU
		{D7242F4A-86F0-4A86-B27B-DDE247FDC242}.Release|Any CPU.ActiveCfg = Release|Any CPU
		{D7242F4A-86F0-4A86-B27B-DDE247FDC242}.Release|Any CPU.Build.0 = Release|Any CPU
	EndGlobalSection
	GlobalSection(SolutionProperties) = preSolution
		HideSolutionNode = FALSE
	EndGlobalSection
	GlobalSection(ExtensibilityGlobals) = postSolution
		SolutionGuid = {E0823A9B-960B-43A9-9D31-C5EE35ABBA53}
	EndGlobalSection
EndGlobal
